// !$*UTF8*$!
{
	archiveVersion = 1;
	classes = {
	};
	objectVersion = 51;
	objects = {

/* Begin PBXBuildFile section */
		2F413152233DD8E900DA0C11 /* AppDelegate.swift in Sources */ = {isa = PBXBuildFile; fileRef = 2F413151233DD8E900DA0C11 /* AppDelegate.swift */; };
		2F413157233DD8E900DA0C11 /* Main.storyboard in Resources */ = {isa = PBXBuildFile; fileRef = 2F413155233DD8E900DA0C11 /* Main.storyboard */; };
		2F413159233DD8EB00DA0C11 /* Assets.xcassets in Resources */ = {isa = PBXBuildFile; fileRef = 2F413158233DD8EB00DA0C11 /* Assets.xcassets */; };
		2F41315C233DD8EB00DA0C11 /* LaunchScreen.storyboard in Resources */ = {isa = PBXBuildFile; fileRef = 2F41315A233DD8EB00DA0C11 /* LaunchScreen.storyboard */; };
		3B7EAA40979C7910121CB3DE /* Pods_WTFUserInterface.framework in Frameworks */ = {isa = PBXBuildFile; fileRef = DE58FFEF9C28FA3AFA3C341C /* Pods_WTFUserInterface.framework */; };
		F408F7BF2383DAE600BC8CA7 /* SettingsTVC.swift in Sources */ = {isa = PBXBuildFile; fileRef = F408F7BD2383DAE600BC8CA7 /* SettingsTVC.swift */; };
		F408F7C02383DAE600BC8CA7 /* SettingsTVC.xib in Resources */ = {isa = PBXBuildFile; fileRef = F408F7BE2383DAE600BC8CA7 /* SettingsTVC.xib */; };
		F408F7C22383E36B00BC8CA7 /* CurvedImages.swift in Sources */ = {isa = PBXBuildFile; fileRef = F408F7C12383E36B00BC8CA7 /* CurvedImages.swift */; };
		F408F7C723841BE200BC8CA7 /* FavoritesVC.swift in Sources */ = {isa = PBXBuildFile; fileRef = F408F7C623841BE200BC8CA7 /* FavoritesVC.swift */; };
		F408F7C923841CE200BC8CA7 /* FavoritesPresenter.swift in Sources */ = {isa = PBXBuildFile; fileRef = F408F7C823841CE200BC8CA7 /* FavoritesPresenter.swift */; };
		F408F7CD23841E3600BC8CA7 /* FavoritesTVC.swift in Sources */ = {isa = PBXBuildFile; fileRef = F408F7CB23841E3600BC8CA7 /* FavoritesTVC.swift */; };
		F408F7CE23841E3600BC8CA7 /* FavoritesTVC.xib in Resources */ = {isa = PBXBuildFile; fileRef = F408F7CC23841E3600BC8CA7 /* FavoritesTVC.xib */; };
		F40B6D9B23768B9600C5DA74 /* Images.swift in Sources */ = {isa = PBXBuildFile; fileRef = F40B6D9A23768B9600C5DA74 /* Images.swift */; };
		F417DE1F23B9D1DA0017E773 /* CustomHUD.swift in Sources */ = {isa = PBXBuildFile; fileRef = F417DE1E23B9D1DA0017E773 /* CustomHUD.swift */; };
		F4240EA12383CE8C00E05520 /* SettingsVC.swift in Sources */ = {isa = PBXBuildFile; fileRef = F4240EA02383CE8C00E05520 /* SettingsVC.swift */; };
		F4240EA32383D00E00E05520 /* SettingsPresenter.swift in Sources */ = {isa = PBXBuildFile; fileRef = F4240EA22383D00E00E05520 /* SettingsPresenter.swift */; };
		F4240EA52383D07A00E05520 /* BaseViews.swift in Sources */ = {isa = PBXBuildFile; fileRef = F4240EA42383D07A00E05520 /* BaseViews.swift */; };
		F4240EA72383D1DC00E05520 /* SettingsModel.swift in Sources */ = {isa = PBXBuildFile; fileRef = F4240EA62383D1DC00E05520 /* SettingsModel.swift */; };
		F4240EA92383D23C00E05520 /* Typealias.swift in Sources */ = {isa = PBXBuildFile; fileRef = F4240EA82383D23C00E05520 /* Typealias.swift */; };
		F427D4442378035A009B308D /* Register.swift in Sources */ = {isa = PBXBuildFile; fileRef = F427D4432378035A009B308D /* Register.swift */; };
		F42A327723A6736B0053C739 /* ReusableView.swift in Sources */ = {isa = PBXBuildFile; fileRef = F42A327623A6736B0053C739 /* ReusableView.swift */; };
		F4433C9323929D9400FA8125 /* ProductsPresenter.swift in Sources */ = {isa = PBXBuildFile; fileRef = F4433C9223929D9400FA8125 /* ProductsPresenter.swift */; };
		F4433C9523929E1C00FA8125 /* ProductsVC.swift in Sources */ = {isa = PBXBuildFile; fileRef = F4433C9423929E1C00FA8125 /* ProductsVC.swift */; };
		F4601F382397E3DF00026362 /* Font.swift in Sources */ = {isa = PBXBuildFile; fileRef = F4601F372397E3DF00026362 /* Font.swift */; };
		F4601F3B2397E5FB00026362 /* LabelLight.swift in Sources */ = {isa = PBXBuildFile; fileRef = F4601F3A2397E5FB00026362 /* LabelLight.swift */; };
		F4601F3D2397E60800026362 /* LabelRegular.swift in Sources */ = {isa = PBXBuildFile; fileRef = F4601F3C2397E60800026362 /* LabelRegular.swift */; };
		F4601F3F2397E61500026362 /* LabelMedium.swift in Sources */ = {isa = PBXBuildFile; fileRef = F4601F3E2397E61500026362 /* LabelMedium.swift */; };
		F4601F412397E62E00026362 /* LabelBold.swift in Sources */ = {isa = PBXBuildFile; fileRef = F4601F402397E62E00026362 /* LabelBold.swift */; };
		F4601F432397E65E00026362 /* BaseLabel.swift in Sources */ = {isa = PBXBuildFile; fileRef = F4601F422397E65E00026362 /* BaseLabel.swift */; };
		F4619E81238EACDB00F2FC7D /* BackView.swift in Sources */ = {isa = PBXBuildFile; fileRef = F4619E80238EACDB00F2FC7D /* BackView.swift */; };
		F4961CA42351B4AF005C356E /* UITableView.swift in Sources */ = {isa = PBXBuildFile; fileRef = F4961CA32351B4AF005C356E /* UITableView.swift */; };
		F4961CA62351C36E005C356E /* Strings.swift in Sources */ = {isa = PBXBuildFile; fileRef = F4961CA52351C36E005C356E /* Strings.swift */; };
		F4BC60B323825F64004A7EBE /* BaseViewController.swift in Sources */ = {isa = PBXBuildFile; fileRef = F4BC60B223825F64004A7EBE /* BaseViewController.swift */; };
		F4BC60B523825FEE004A7EBE /* TableBaseViewController.swift in Sources */ = {isa = PBXBuildFile; fileRef = F4BC60B423825FEE004A7EBE /* TableBaseViewController.swift */; };
		F4C49AF0239539D300507EA0 /* ProductsTVC.swift in Sources */ = {isa = PBXBuildFile; fileRef = F4C49AEE239539D300507EA0 /* ProductsTVC.swift */; };
		F4C49AF1239539D300507EA0 /* ProductsTVC.xib in Resources */ = {isa = PBXBuildFile; fileRef = F4C49AEF239539D300507EA0 /* ProductsTVC.xib */; };
		F4CEFA06237BC81400135AB7 /* CatSliderTVC.swift in Sources */ = {isa = PBXBuildFile; fileRef = F4CEFA04237BC81400135AB7 /* CatSliderTVC.swift */; };
		F4CEFA07237BC81400135AB7 /* CatSliderTVC.xib in Resources */ = {isa = PBXBuildFile; fileRef = F4CEFA05237BC81400135AB7 /* CatSliderTVC.xib */; };
		F4CFD12623829FBE00BCEA6B /* ReuseId.swift in Sources */ = {isa = PBXBuildFile; fileRef = F4CFD12523829FBE00BCEA6B /* ReuseId.swift */; };
		F4D3CC7D2356FAAC007BEF20 /* UIView.swift in Sources */ = {isa = PBXBuildFile; fileRef = F4D3CC7C2356FAAC007BEF20 /* UIView.swift */; };
		F4DC6F25237A9602006447F8 /* CategoryHeader.swift in Sources */ = {isa = PBXBuildFile; fileRef = F4DC6F23237A9602006447F8 /* CategoryHeader.swift */; };
		F4DC6F2B237ADBF1006447F8 /* LeftCatHeader.swift in Sources */ = {isa = PBXBuildFile; fileRef = F4DC6F29237ADBF1006447F8 /* LeftCatHeader.swift */; };
		F4DC6F2C237ADBF1006447F8 /* LeftCatHeader.xib in Resources */ = {isa = PBXBuildFile; fileRef = F4DC6F2A237ADBF1006447F8 /* LeftCatHeader.xib */; };
		F4DC6F2F237ADD33006447F8 /* RightCatHeader.swift in Sources */ = {isa = PBXBuildFile; fileRef = F4DC6F2D237ADD33006447F8 /* RightCatHeader.swift */; };
		F4DC6F30237ADD33006447F8 /* RightCatHeader.xib in Resources */ = {isa = PBXBuildFile; fileRef = F4DC6F2E237ADD33006447F8 /* RightCatHeader.xib */; };
		F4E146F023718D390086D51A /* CategoryVC.swift in Sources */ = {isa = PBXBuildFile; fileRef = F4E146EF23718D390086D51A /* CategoryVC.swift */; };
		F4E146F2237192E00086D51A /* CategoryModel.swift in Sources */ = {isa = PBXBuildFile; fileRef = F4E146F1237192E00086D51A /* CategoryModel.swift */; };
		F4E146FB23719C810086D51A /* CategoryPresenter.swift in Sources */ = {isa = PBXBuildFile; fileRef = F4E146FA23719C810086D51A /* CategoryPresenter.swift */; };
		F4E1470023719F9F0086D51A /* CategoryTVC.swift in Sources */ = {isa = PBXBuildFile; fileRef = F4E146FE23719F9F0086D51A /* CategoryTVC.swift */; };
		F4E1470123719F9F0086D51A /* CategoryTVC.xib in Resources */ = {isa = PBXBuildFile; fileRef = F4E146FF23719F9F0086D51A /* CategoryTVC.xib */; };
		F4E147042371A3260086D51A /* UICollectionView.swift in Sources */ = {isa = PBXBuildFile; fileRef = F4E147032371A3260086D51A /* UICollectionView.swift */; };
		F4E147072371A7CF0086D51A /* CategoryCVC.swift in Sources */ = {isa = PBXBuildFile; fileRef = F4E147052371A7CF0086D51A /* CategoryCVC.swift */; };
		F4E147082371A7CF0086D51A /* CategoryCVC.xib in Resources */ = {isa = PBXBuildFile; fileRef = F4E147062371A7CF0086D51A /* CategoryCVC.xib */; };
/* End PBXBuildFile section */

/* Begin PBXFileReference section */
		2F41314E233DD8E900DA0C11 /* WTFUserInterface.app */ = {isa = PBXFileReference; explicitFileType = wrapper.application; includeInIndex = 0; path = WTFUserInterface.app; sourceTree = BUILT_PRODUCTS_DIR; };
		2F413151233DD8E900DA0C11 /* AppDelegate.swift */ = {isa = PBXFileReference; lastKnownFileType = sourcecode.swift; path = AppDelegate.swift; sourceTree = "<group>"; };
		2F413156233DD8E900DA0C11 /* Base */ = {isa = PBXFileReference; lastKnownFileType = file.storyboard; name = Base; path = Base.lproj/Main.storyboard; sourceTree = "<group>"; };
		2F413158233DD8EB00DA0C11 /* Assets.xcassets */ = {isa = PBXFileReference; lastKnownFileType = folder.assetcatalog; path = Assets.xcassets; sourceTree = "<group>"; };
		2F41315B233DD8EB00DA0C11 /* Base */ = {isa = PBXFileReference; lastKnownFileType = file.storyboard; name = Base; path = Base.lproj/LaunchScreen.storyboard; sourceTree = "<group>"; };
		2F41315D233DD8EB00DA0C11 /* Info.plist */ = {isa = PBXFileReference; lastKnownFileType = text.plist.xml; path = Info.plist; sourceTree = "<group>"; };
		30E413FD19F15B216CF504C7 /* Pods-WTFUserInterface.release.xcconfig */ = {isa = PBXFileReference; includeInIndex = 1; lastKnownFileType = text.xcconfig; name = "Pods-WTFUserInterface.release.xcconfig"; path = "Target Support Files/Pods-WTFUserInterface/Pods-WTFUserInterface.release.xcconfig"; sourceTree = "<group>"; };
		B1B62DF6A8D166487A52FC0C /* Pods-WTFUserInterface.debug.xcconfig */ = {isa = PBXFileReference; includeInIndex = 1; lastKnownFileType = text.xcconfig; name = "Pods-WTFUserInterface.debug.xcconfig"; path = "Target Support Files/Pods-WTFUserInterface/Pods-WTFUserInterface.debug.xcconfig"; sourceTree = "<group>"; };
		DE58FFEF9C28FA3AFA3C341C /* Pods_WTFUserInterface.framework */ = {isa = PBXFileReference; explicitFileType = wrapper.framework; includeInIndex = 0; path = Pods_WTFUserInterface.framework; sourceTree = BUILT_PRODUCTS_DIR; };
		F408F7BD2383DAE600BC8CA7 /* SettingsTVC.swift */ = {isa = PBXFileReference; lastKnownFileType = sourcecode.swift; path = SettingsTVC.swift; sourceTree = "<group>"; };
		F408F7BE2383DAE600BC8CA7 /* SettingsTVC.xib */ = {isa = PBXFileReference; lastKnownFileType = file.xib; path = SettingsTVC.xib; sourceTree = "<group>"; };
		F408F7C12383E36B00BC8CA7 /* CurvedImages.swift */ = {isa = PBXFileReference; lastKnownFileType = sourcecode.swift; path = CurvedImages.swift; sourceTree = "<group>"; };
		F408F7C623841BE200BC8CA7 /* FavoritesVC.swift */ = {isa = PBXFileReference; lastKnownFileType = sourcecode.swift; path = FavoritesVC.swift; sourceTree = "<group>"; };
		F408F7C823841CE200BC8CA7 /* FavoritesPresenter.swift */ = {isa = PBXFileReference; lastKnownFileType = sourcecode.swift; path = FavoritesPresenter.swift; sourceTree = "<group>"; };
		F408F7CB23841E3600BC8CA7 /* FavoritesTVC.swift */ = {isa = PBXFileReference; lastKnownFileType = sourcecode.swift; path = FavoritesTVC.swift; sourceTree = "<group>"; };
		F408F7CC23841E3600BC8CA7 /* FavoritesTVC.xib */ = {isa = PBXFileReference; lastKnownFileType = file.xib; path = FavoritesTVC.xib; sourceTree = "<group>"; };
		F40B6D9A23768B9600C5DA74 /* Images.swift */ = {isa = PBXFileReference; lastKnownFileType = sourcecode.swift; path = Images.swift; sourceTree = "<group>"; };
		F417DE1E23B9D1DA0017E773 /* CustomHUD.swift */ = {isa = PBXFileReference; lastKnownFileType = sourcecode.swift; path = CustomHUD.swift; sourceTree = "<group>"; };
		F4240EA02383CE8C00E05520 /* SettingsVC.swift */ = {isa = PBXFileReference; lastKnownFileType = sourcecode.swift; path = SettingsVC.swift; sourceTree = "<group>"; };
		F4240EA22383D00E00E05520 /* SettingsPresenter.swift */ = {isa = PBXFileReference; lastKnownFileType = sourcecode.swift; path = SettingsPresenter.swift; sourceTree = "<group>"; };
		F4240EA42383D07A00E05520 /* BaseViews.swift */ = {isa = PBXFileReference; lastKnownFileType = sourcecode.swift; path = BaseViews.swift; sourceTree = "<group>"; };
		F4240EA62383D1DC00E05520 /* SettingsModel.swift */ = {isa = PBXFileReference; lastKnownFileType = sourcecode.swift; path = SettingsModel.swift; sourceTree = "<group>"; };
		F4240EA82383D23C00E05520 /* Typealias.swift */ = {isa = PBXFileReference; lastKnownFileType = sourcecode.swift; path = Typealias.swift; sourceTree = "<group>"; };
		F427D4432378035A009B308D /* Register.swift */ = {isa = PBXFileReference; lastKnownFileType = sourcecode.swift; path = Register.swift; sourceTree = "<group>"; };
		F42A327623A6736B0053C739 /* ReusableView.swift */ = {isa = PBXFileReference; lastKnownFileType = sourcecode.swift; path = ReusableView.swift; sourceTree = "<group>"; };
		F4433C9223929D9400FA8125 /* ProductsPresenter.swift */ = {isa = PBXFileReference; lastKnownFileType = sourcecode.swift; path = ProductsPresenter.swift; sourceTree = "<group>"; };
		F4433C9423929E1C00FA8125 /* ProductsVC.swift */ = {isa = PBXFileReference; lastKnownFileType = sourcecode.swift; path = ProductsVC.swift; sourceTree = "<group>"; };
		F4601F372397E3DF00026362 /* Font.swift */ = {isa = PBXFileReference; lastKnownFileType = sourcecode.swift; path = Font.swift; sourceTree = "<group>"; };
		F4601F3A2397E5FB00026362 /* LabelLight.swift */ = {isa = PBXFileReference; lastKnownFileType = sourcecode.swift; path = LabelLight.swift; sourceTree = "<group>"; };
		F4601F3C2397E60800026362 /* LabelRegular.swift */ = {isa = PBXFileReference; lastKnownFileType = sourcecode.swift; path = LabelRegular.swift; sourceTree = "<group>"; };
		F4601F3E2397E61500026362 /* LabelMedium.swift */ = {isa = PBXFileReference; lastKnownFileType = sourcecode.swift; path = LabelMedium.swift; sourceTree = "<group>"; };
		F4601F402397E62E00026362 /* LabelBold.swift */ = {isa = PBXFileReference; lastKnownFileType = sourcecode.swift; path = LabelBold.swift; sourceTree = "<group>"; };
		F4601F422397E65E00026362 /* BaseLabel.swift */ = {isa = PBXFileReference; lastKnownFileType = sourcecode.swift; path = BaseLabel.swift; sourceTree = "<group>"; };
		F4619E80238EACDB00F2FC7D /* BackView.swift */ = {isa = PBXFileReference; lastKnownFileType = sourcecode.swift; path = BackView.swift; sourceTree = "<group>"; };
		F4961CA32351B4AF005C356E /* UITableView.swift */ = {isa = PBXFileReference; lastKnownFileType = sourcecode.swift; path = UITableView.swift; sourceTree = "<group>"; };
		F4961CA52351C36E005C356E /* Strings.swift */ = {isa = PBXFileReference; lastKnownFileType = sourcecode.swift; path = Strings.swift; sourceTree = "<group>"; };
		F4BC60B223825F64004A7EBE /* BaseViewController.swift */ = {isa = PBXFileReference; lastKnownFileType = sourcecode.swift; path = BaseViewController.swift; sourceTree = "<group>"; };
		F4BC60B423825FEE004A7EBE /* TableBaseViewController.swift */ = {isa = PBXFileReference; lastKnownFileType = sourcecode.swift; path = TableBaseViewController.swift; sourceTree = "<group>"; };
		F4C49AEE239539D300507EA0 /* ProductsTVC.swift */ = {isa = PBXFileReference; lastKnownFileType = sourcecode.swift; path = ProductsTVC.swift; sourceTree = "<group>"; };
		F4C49AEF239539D300507EA0 /* ProductsTVC.xib */ = {isa = PBXFileReference; lastKnownFileType = file.xib; path = ProductsTVC.xib; sourceTree = "<group>"; };
		F4CEFA04237BC81400135AB7 /* CatSliderTVC.swift */ = {isa = PBXFileReference; lastKnownFileType = sourcecode.swift; path = CatSliderTVC.swift; sourceTree = "<group>"; };
		F4CEFA05237BC81400135AB7 /* CatSliderTVC.xib */ = {isa = PBXFileReference; lastKnownFileType = file.xib; path = CatSliderTVC.xib; sourceTree = "<group>"; };
		F4CFD12523829FBE00BCEA6B /* ReuseId.swift */ = {isa = PBXFileReference; lastKnownFileType = sourcecode.swift; path = ReuseId.swift; sourceTree = "<group>"; };
		F4D3CC7C2356FAAC007BEF20 /* UIView.swift */ = {isa = PBXFileReference; lastKnownFileType = sourcecode.swift; path = UIView.swift; sourceTree = "<group>"; };
		F4DC6F23237A9602006447F8 /* CategoryHeader.swift */ = {isa = PBXFileReference; lastKnownFileType = sourcecode.swift; path = CategoryHeader.swift; sourceTree = "<group>"; };
		F4DC6F29237ADBF1006447F8 /* LeftCatHeader.swift */ = {isa = PBXFileReference; lastKnownFileType = sourcecode.swift; path = LeftCatHeader.swift; sourceTree = "<group>"; };
		F4DC6F2A237ADBF1006447F8 /* LeftCatHeader.xib */ = {isa = PBXFileReference; lastKnownFileType = file.xib; path = LeftCatHeader.xib; sourceTree = "<group>"; };
		F4DC6F2D237ADD33006447F8 /* RightCatHeader.swift */ = {isa = PBXFileReference; lastKnownFileType = sourcecode.swift; path = RightCatHeader.swift; sourceTree = "<group>"; };
		F4DC6F2E237ADD33006447F8 /* RightCatHeader.xib */ = {isa = PBXFileReference; lastKnownFileType = file.xib; path = RightCatHeader.xib; sourceTree = "<group>"; };
		F4E146EF23718D390086D51A /* CategoryVC.swift */ = {isa = PBXFileReference; lastKnownFileType = sourcecode.swift; path = CategoryVC.swift; sourceTree = "<group>"; };
		F4E146F1237192E00086D51A /* CategoryModel.swift */ = {isa = PBXFileReference; lastKnownFileType = sourcecode.swift; path = CategoryModel.swift; sourceTree = "<group>"; };
		F4E146FA23719C810086D51A /* CategoryPresenter.swift */ = {isa = PBXFileReference; lastKnownFileType = sourcecode.swift; path = CategoryPresenter.swift; sourceTree = "<group>"; };
		F4E146FE23719F9F0086D51A /* CategoryTVC.swift */ = {isa = PBXFileReference; lastKnownFileType = sourcecode.swift; path = CategoryTVC.swift; sourceTree = "<group>"; };
		F4E146FF23719F9F0086D51A /* CategoryTVC.xib */ = {isa = PBXFileReference; lastKnownFileType = file.xib; path = CategoryTVC.xib; sourceTree = "<group>"; };
		F4E147032371A3260086D51A /* UICollectionView.swift */ = {isa = PBXFileReference; lastKnownFileType = sourcecode.swift; path = UICollectionView.swift; sourceTree = "<group>"; };
		F4E147052371A7CF0086D51A /* CategoryCVC.swift */ = {isa = PBXFileReference; lastKnownFileType = sourcecode.swift; path = CategoryCVC.swift; sourceTree = "<group>"; };
		F4E147062371A7CF0086D51A /* CategoryCVC.xib */ = {isa = PBXFileReference; lastKnownFileType = file.xib; path = CategoryCVC.xib; sourceTree = "<group>"; };
/* End PBXFileReference section */

/* Begin PBXFrameworksBuildPhase section */
		2F41314B233DD8E900DA0C11 /* Frameworks */ = {
			isa = PBXFrameworksBuildPhase;
			buildActionMask = 2147483647;
			files = (
				3B7EAA40979C7910121CB3DE /* Pods_WTFUserInterface.framework in Frameworks */,
			);
			runOnlyForDeploymentPostprocessing = 0;
		};
/* End PBXFrameworksBuildPhase section */

/* Begin PBXGroup section */
		2F413145233DD8E900DA0C11 = {
			isa = PBXGroup;
			children = (
				2F413150233DD8E900DA0C11 /* WTFUserInterface */,
				2F41314F233DD8E900DA0C11 /* Products */,
				DEC5669DA20F5ADFDB941667 /* Pods */,
				7884F502C0B18A9F5055C7AF /* Frameworks */,
			);
			sourceTree = "<group>";
		};
		2F41314F233DD8E900DA0C11 /* Products */ = {
			isa = PBXGroup;
			children = (
				2F41314E233DD8E900DA0C11 /* WTFUserInterface.app */,
			);
			name = Products;
			sourceTree = "<group>";
		};
		2F413150233DD8E900DA0C11 /* WTFUserInterface */ = {
			isa = PBXGroup;
			children = (
				F49F3807233F3E3B00E1703B /* Utils */,
				F49F3806233F3E3800E1703B /* Models */,
				F4E146F323719C030086D51A /* Modules */,
				2F413151233DD8E900DA0C11 /* AppDelegate.swift */,
				2F413155233DD8E900DA0C11 /* Main.storyboard */,
				2F413158233DD8EB00DA0C11 /* Assets.xcassets */,
				2F41315A233DD8EB00DA0C11 /* LaunchScreen.storyboard */,
				2F41315D233DD8EB00DA0C11 /* Info.plist */,
			);
			path = WTFUserInterface;
			sourceTree = "<group>";
		};
		7884F502C0B18A9F5055C7AF /* Frameworks */ = {
			isa = PBXGroup;
			children = (
				DE58FFEF9C28FA3AFA3C341C /* Pods_WTFUserInterface.framework */,
			);
			name = Frameworks;
			sourceTree = "<group>";
		};
		DEC5669DA20F5ADFDB941667 /* Pods */ = {
			isa = PBXGroup;
			children = (
				B1B62DF6A8D166487A52FC0C /* Pods-WTFUserInterface.debug.xcconfig */,
				30E413FD19F15B216CF504C7 /* Pods-WTFUserInterface.release.xcconfig */,
			);
			path = Pods;
			sourceTree = "<group>";
		};
		F408F7BC2383DACD00BC8CA7 /* Cell */ = {
			isa = PBXGroup;
			children = (
				F408F7BD2383DAE600BC8CA7 /* SettingsTVC.swift */,
				F408F7BE2383DAE600BC8CA7 /* SettingsTVC.xib */,
			);
			path = Cell;
			sourceTree = "<group>";
		};
		F408F7C32383F7BE00BC8CA7 /* Favorites */ = {
			isa = PBXGroup;
			children = (
				F408F7C52383F7D700BC8CA7 /* Presenter */,
				F408F7C42383F7CC00BC8CA7 /* View */,
			);
			path = Favorites;
			sourceTree = "<group>";
		};
		F408F7C42383F7CC00BC8CA7 /* View */ = {
			isa = PBXGroup;
			children = (
				F408F7CA23841E1F00BC8CA7 /* Cell */,
				F408F7C623841BE200BC8CA7 /* FavoritesVC.swift */,
			);
			path = View;
			sourceTree = "<group>";
		};
		F408F7C52383F7D700BC8CA7 /* Presenter */ = {
			isa = PBXGroup;
			children = (
				F408F7C823841CE200BC8CA7 /* FavoritesPresenter.swift */,
			);
			path = Presenter;
			sourceTree = "<group>";
		};
		F408F7CA23841E1F00BC8CA7 /* Cell */ = {
			isa = PBXGroup;
			children = (
				F408F7CB23841E3600BC8CA7 /* FavoritesTVC.swift */,
				F408F7CC23841E3600BC8CA7 /* FavoritesTVC.xib */,
			);
			path = Cell;
			sourceTree = "<group>";
		};
		F40BFA0B2353513900E97E37 /* Components */ = {
			isa = PBXGroup;
			children = (
				F4601F392397E5E100026362 /* Labels */,
				F408F7C12383E36B00BC8CA7 /* CurvedImages.swift */,
				F4619E80238EACDB00F2FC7D /* BackView.swift */,
				F417DE1E23B9D1DA0017E773 /* CustomHUD.swift */,
			);
			path = Components;
			sourceTree = "<group>";
		};
		F4240E9D2383CE5000E05520 /* Settings */ = {
			isa = PBXGroup;
			children = (
				F4240E9F2383CE6300E05520 /* View */,
				F4240E9E2383CE5A00E05520 /* Presenter */,
			);
			path = Settings;
			sourceTree = "<group>";
		};
		F4240E9E2383CE5A00E05520 /* Presenter */ = {
			isa = PBXGroup;
			children = (
				F4240EA22383D00E00E05520 /* SettingsPresenter.swift */,
			);
			path = Presenter;
			sourceTree = "<group>";
		};
		F4240E9F2383CE6300E05520 /* View */ = {
			isa = PBXGroup;
			children = (
				F408F7BC2383DACD00BC8CA7 /* Cell */,
				F4240EA02383CE8C00E05520 /* SettingsVC.swift */,
			);
			path = View;
			sourceTree = "<group>";
		};
		F42A327523A673600053C739 /* ReusableView */ = {
			isa = PBXGroup;
			children = (
				F42A327623A6736B0053C739 /* ReusableView.swift */,
			);
			path = ReusableView;
			sourceTree = "<group>";
		};
		F4433C8F23929D6600FA8125 /* Products */ = {
			isa = PBXGroup;
			children = (
				F4433C9123929D7C00FA8125 /* Presenter */,
				F4433C9023929D7600FA8125 /* View */,
			);
			path = Products;
			sourceTree = "<group>";
		};
		F4433C9023929D7600FA8125 /* View */ = {
			isa = PBXGroup;
			children = (
				F4C49AED239539AF00507EA0 /* Cells */,
				F4433C9423929E1C00FA8125 /* ProductsVC.swift */,
			);
			path = View;
			sourceTree = "<group>";
		};
		F4433C9123929D7C00FA8125 /* Presenter */ = {
			isa = PBXGroup;
			children = (
				F4433C9223929D9400FA8125 /* ProductsPresenter.swift */,
			);
			path = Presenter;
			sourceTree = "<group>";
		};
		F45B5B8D23816762007C1001 /* ProductDetails */ = {
			isa = PBXGroup;
			children = (
			);
			path = ProductDetails;
			sourceTree = "<group>";
		};
		F4601F392397E5E100026362 /* Labels */ = {
			isa = PBXGroup;
			children = (
				F4601F3A2397E5FB00026362 /* LabelLight.swift */,
				F4601F3C2397E60800026362 /* LabelRegular.swift */,
				F4601F3E2397E61500026362 /* LabelMedium.swift */,
				F4601F402397E62E00026362 /* LabelBold.swift */,
				F4601F422397E65E00026362 /* BaseLabel.swift */,
			);
			path = Labels;
			sourceTree = "<group>";
		};
		F4961CA12351B47E005C356E /* Extensions */ = {
			isa = PBXGroup;
			children = (
				F42A327523A673600053C739 /* ReusableView */,
				F4E147022371A3130086D51A /* UICollectionView */,
				F4D3CC7B2356FA9A007BEF20 /* UIView */,
				F4961CA22351B486005C356E /* UITableView */,
			);
			path = Extensions;
			sourceTree = "<group>";
		};
		F4961CA22351B486005C356E /* UITableView */ = {
			isa = PBXGroup;
			children = (
				F4961CA32351B4AF005C356E /* UITableView.swift */,
			);
			path = UITableView;
			sourceTree = "<group>";
		};
		F49F3806233F3E3800E1703B /* Models */ = {
			isa = PBXGroup;
			children = (
				F4E146F1237192E00086D51A /* CategoryModel.swift */,
				F4240EA62383D1DC00E05520 /* SettingsModel.swift */,
			);
			path = Models;
			sourceTree = "<group>";
		};
		F49F3807233F3E3B00E1703B /* Utils */ = {
			isa = PBXGroup;
			children = (
				F40BFA0B2353513900E97E37 /* Components */,
				F4961CA12351B47E005C356E /* Extensions */,
				F4961CA52351C36E005C356E /* Strings.swift */,
				F4240EA82383D23C00E05520 /* Typealias.swift */,
				F40B6D9A23768B9600C5DA74 /* Images.swift */,
				F427D4432378035A009B308D /* Register.swift */,
				F4CFD12523829FBE00BCEA6B /* ReuseId.swift */,
				F4601F372397E3DF00026362 /* Font.swift */,
			);
			path = Utils;
			sourceTree = "<group>";
		};
		F4BC60B123825F4D004A7EBE /* Base */ = {
			isa = PBXGroup;
			children = (
				F4BC60B223825F64004A7EBE /* BaseViewController.swift */,
				F4BC60B423825FEE004A7EBE /* TableBaseViewController.swift */,
				F4240EA42383D07A00E05520 /* BaseViews.swift */,
			);
			path = Base;
			sourceTree = "<group>";
		};
		F4C49AED239539AF00507EA0 /* Cells */ = {
			isa = PBXGroup;
			children = (
				F4C49AEE239539D300507EA0 /* ProductsTVC.swift */,
				F4C49AEF239539D300507EA0 /* ProductsTVC.xib */,
			);
			path = Cells;
			sourceTree = "<group>";
		};
		F4D3CC7B2356FA9A007BEF20 /* UIView */ = {
			isa = PBXGroup;
			children = (
				F4D3CC7C2356FAAC007BEF20 /* UIView.swift */,
			);
			path = UIView;
			sourceTree = "<group>";
		};
		F4E146F323719C030086D51A /* Modules */ = {
			isa = PBXGroup;
			children = (
				F4433C8F23929D6600FA8125 /* Products */,
				F408F7C32383F7BE00BC8CA7 /* Favorites */,
				F4240E9D2383CE5000E05520 /* Settings */,
				F4BC60B123825F4D004A7EBE /* Base */,
				F45B5B8D23816762007C1001 /* ProductDetails */,
				F4E146F723719C440086D51A /* Category */,
			);
			path = Modules;
			sourceTree = "<group>";
		};
		F4E146F723719C440086D51A /* Category */ = {
			isa = PBXGroup;
			children = (
				F4E146F923719C680086D51A /* Presenter */,
				F4E146F823719C510086D51A /* View */,
			);
			path = Category;
			sourceTree = "<group>";
		};
		F4E146F823719C510086D51A /* View */ = {
			isa = PBXGroup;
			children = (
				F4E146FD23719F790086D51A /* Cells */,
				F4E146EF23718D390086D51A /* CategoryVC.swift */,
			);
			path = View;
			sourceTree = "<group>";
		};
		F4E146F923719C680086D51A /* Presenter */ = {
			isa = PBXGroup;
			children = (
				F4E146FA23719C810086D51A /* CategoryPresenter.swift */,
			);
			path = Presenter;
			sourceTree = "<group>";
		};
		F4E146FD23719F790086D51A /* Cells */ = {
			isa = PBXGroup;
			children = (
				F4E146FE23719F9F0086D51A /* CategoryTVC.swift */,
				F4E146FF23719F9F0086D51A /* CategoryTVC.xib */,
				F4E147052371A7CF0086D51A /* CategoryCVC.swift */,
				F4E147062371A7CF0086D51A /* CategoryCVC.xib */,
				F4DC6F23237A9602006447F8 /* CategoryHeader.swift */,
				F4DC6F29237ADBF1006447F8 /* LeftCatHeader.swift */,
				F4DC6F2A237ADBF1006447F8 /* LeftCatHeader.xib */,
				F4DC6F2D237ADD33006447F8 /* RightCatHeader.swift */,
				F4DC6F2E237ADD33006447F8 /* RightCatHeader.xib */,
				F4CEFA04237BC81400135AB7 /* CatSliderTVC.swift */,
				F4CEFA05237BC81400135AB7 /* CatSliderTVC.xib */,
			);
			path = Cells;
			sourceTree = "<group>";
		};
		F4E147022371A3130086D51A /* UICollectionView */ = {
			isa = PBXGroup;
			children = (
				F4E147032371A3260086D51A /* UICollectionView.swift */,
			);
			path = UICollectionView;
			sourceTree = "<group>";
		};
/* End PBXGroup section */

/* Begin PBXNativeTarget section */
		2F41314D233DD8E900DA0C11 /* WTFUserInterface */ = {
			isa = PBXNativeTarget;
			buildConfigurationList = 2F413160233DD8EB00DA0C11 /* Build configuration list for PBXNativeTarget "WTFUserInterface" */;
			buildPhases = (
				018FD3BA1518131818F26535 /* [CP] Check Pods Manifest.lock */,
				2F41314A233DD8E900DA0C11 /* Sources */,
				2F41314B233DD8E900DA0C11 /* Frameworks */,
				2F41314C233DD8E900DA0C11 /* Resources */,
				B25FBD4D1DAD4184C9051F50 /* [CP] Embed Pods Frameworks */,
			);
			buildRules = (
			);
			dependencies = (
			);
			name = WTFUserInterface;
			productName = WTFUserInterface;
			productReference = 2F41314E233DD8E900DA0C11 /* WTFUserInterface.app */;
			productType = "com.apple.product-type.application";
		};
/* End PBXNativeTarget section */

/* Begin PBXProject section */
		2F413146233DD8E900DA0C11 /* Project object */ = {
			isa = PBXProject;
			attributes = {
				LastSwiftUpdateCheck = 1010;
				LastUpgradeCheck = 1010;
				ORGANIZATIONNAME = shndrs;
				TargetAttributes = {
					2F41314D233DD8E900DA0C11 = {
						CreatedOnToolsVersion = 10.1;
						LastSwiftMigration = 1100;
					};
				};
			};
			buildConfigurationList = 2F413149233DD8E900DA0C11 /* Build configuration list for PBXProject "WTFUserInterface" */;
			compatibilityVersion = "Xcode 9.3";
			developmentRegion = en;
			hasScannedForEncodings = 0;
			knownRegions = (
				en,
				Base,
			);
			mainGroup = 2F413145233DD8E900DA0C11;
			productRefGroup = 2F41314F233DD8E900DA0C11 /* Products */;
			projectDirPath = "";
			projectRoot = "";
			targets = (
				2F41314D233DD8E900DA0C11 /* WTFUserInterface */,
			);
		};
/* End PBXProject section */

/* Begin PBXResourcesBuildPhase section */
		2F41314C233DD8E900DA0C11 /* Resources */ = {
			isa = PBXResourcesBuildPhase;
			buildActionMask = 2147483647;
			files = (
				F4C49AF1239539D300507EA0 /* ProductsTVC.xib in Resources */,
				F4E147082371A7CF0086D51A /* CategoryCVC.xib in Resources */,
				F408F7CE23841E3600BC8CA7 /* FavoritesTVC.xib in Resources */,
				2F41315C233DD8EB00DA0C11 /* LaunchScreen.storyboard in Resources */,
				2F413159233DD8EB00DA0C11 /* Assets.xcassets in Resources */,
				F4DC6F2C237ADBF1006447F8 /* LeftCatHeader.xib in Resources */,
				F4DC6F30237ADD33006447F8 /* RightCatHeader.xib in Resources */,
				F4E1470123719F9F0086D51A /* CategoryTVC.xib in Resources */,
				F4CEFA07237BC81400135AB7 /* CatSliderTVC.xib in Resources */,
				F408F7C02383DAE600BC8CA7 /* SettingsTVC.xib in Resources */,
				2F413157233DD8E900DA0C11 /* Main.storyboard in Resources */,
			);
			runOnlyForDeploymentPostprocessing = 0;
		};
/* End PBXResourcesBuildPhase section */

/* Begin PBXShellScriptBuildPhase section */
		018FD3BA1518131818F26535 /* [CP] Check Pods Manifest.lock */ = {
			isa = PBXShellScriptBuildPhase;
			buildActionMask = 2147483647;
			files = (
			);
			inputFileListPaths = (
			);
			inputPaths = (
				"${PODS_PODFILE_DIR_PATH}/Podfile.lock",
				"${PODS_ROOT}/Manifest.lock",
			);
			name = "[CP] Check Pods Manifest.lock";
			outputFileListPaths = (
			);
			outputPaths = (
				"$(DERIVED_FILE_DIR)/Pods-WTFUserInterface-checkManifestLockResult.txt",
			);
			runOnlyForDeploymentPostprocessing = 0;
			shellPath = /bin/sh;
			shellScript = "diff \"${PODS_PODFILE_DIR_PATH}/Podfile.lock\" \"${PODS_ROOT}/Manifest.lock\" > /dev/null\nif [ $? != 0 ] ; then\n    # print error to STDERR\n    echo \"error: The sandbox is not in sync with the Podfile.lock. Run 'pod install' or update your CocoaPods installation.\" >&2\n    exit 1\nfi\n# This output is used by Xcode 'outputs' to avoid re-running this script phase.\necho \"SUCCESS\" > \"${SCRIPT_OUTPUT_FILE_0}\"\n";
			showEnvVarsInLog = 0;
		};
		B25FBD4D1DAD4184C9051F50 /* [CP] Embed Pods Frameworks */ = {
			isa = PBXShellScriptBuildPhase;
			buildActionMask = 2147483647;
			files = (
			);
			inputFileListPaths = (
				"${PODS_ROOT}/Target Support Files/Pods-WTFUserInterface/Pods-WTFUserInterface-frameworks-${CONFIGURATION}-input-files.xcfilelist",
			);
			name = "[CP] Embed Pods Frameworks";
			outputFileListPaths = (
				"${PODS_ROOT}/Target Support Files/Pods-WTFUserInterface/Pods-WTFUserInterface-frameworks-${CONFIGURATION}-output-files.xcfilelist",
			);
			runOnlyForDeploymentPostprocessing = 0;
			shellPath = /bin/sh;
			shellScript = "\"${PODS_ROOT}/Target Support Files/Pods-WTFUserInterface/Pods-WTFUserInterface-frameworks.sh\"\n";
			showEnvVarsInLog = 0;
		};
/* End PBXShellScriptBuildPhase section */

/* Begin PBXSourcesBuildPhase section */
		2F41314A233DD8E900DA0C11 /* Sources */ = {
			isa = PBXSourcesBuildPhase;
			buildActionMask = 2147483647;
			files = (
				F4601F382397E3DF00026362 /* Font.swift in Sources */,
				F4E146FB23719C810086D51A /* CategoryPresenter.swift in Sources */,
				F427D4442378035A009B308D /* Register.swift in Sources */,
				F4DC6F2F237ADD33006447F8 /* RightCatHeader.swift in Sources */,
				F4E146F2237192E00086D51A /* CategoryModel.swift in Sources */,
				F4E1470023719F9F0086D51A /* CategoryTVC.swift in Sources */,
				F4433C9523929E1C00FA8125 /* ProductsVC.swift in Sources */,
				F4BC60B523825FEE004A7EBE /* TableBaseViewController.swift in Sources */,
				F4BC60B323825F64004A7EBE /* BaseViewController.swift in Sources */,
				F4CFD12623829FBE00BCEA6B /* ReuseId.swift in Sources */,
				F4D3CC7D2356FAAC007BEF20 /* UIView.swift in Sources */,
				F4E147042371A3260086D51A /* UICollectionView.swift in Sources */,
				F4601F412397E62E00026362 /* LabelBold.swift in Sources */,
				F4240EA32383D00E00E05520 /* SettingsPresenter.swift in Sources */,
				F408F7C923841CE200BC8CA7 /* FavoritesPresenter.swift in Sources */,
				F4601F3F2397E61500026362 /* LabelMedium.swift in Sources */,
				F4240EA72383D1DC00E05520 /* SettingsModel.swift in Sources */,
				F4240EA12383CE8C00E05520 /* SettingsVC.swift in Sources */,
				F408F7BF2383DAE600BC8CA7 /* SettingsTVC.swift in Sources */,
				F417DE1F23B9D1DA0017E773 /* CustomHUD.swift in Sources */,
				F4E147072371A7CF0086D51A /* CategoryCVC.swift in Sources */,
				F4601F432397E65E00026362 /* BaseLabel.swift in Sources */,
				2F413152233DD8E900DA0C11 /* AppDelegate.swift in Sources */,
				F4601F3D2397E60800026362 /* LabelRegular.swift in Sources */,
				F4DC6F2B237ADBF1006447F8 /* LeftCatHeader.swift in Sources */,
				F4601F3B2397E5FB00026362 /* LabelLight.swift in Sources */,
				F4E146F023718D390086D51A /* CategoryVC.swift in Sources */,
				F4240EA92383D23C00E05520 /* Typealias.swift in Sources */,
				F4961CA42351B4AF005C356E /* UITableView.swift in Sources */,
				F408F7C723841BE200BC8CA7 /* FavoritesVC.swift in Sources */,
				F4DC6F25237A9602006447F8 /* CategoryHeader.swift in Sources */,
				F4CEFA06237BC81400135AB7 /* CatSliderTVC.swift in Sources */,
				F4619E81238EACDB00F2FC7D /* BackView.swift in Sources */,
				F40B6D9B23768B9600C5DA74 /* Images.swift in Sources */,
				F408F7C22383E36B00BC8CA7 /* CurvedImages.swift in Sources */,
				F42A327723A6736B0053C739 /* ReusableView.swift in Sources */,
				F4240EA52383D07A00E05520 /* BaseViews.swift in Sources */,
				F4433C9323929D9400FA8125 /* ProductsPresenter.swift in Sources */,
				F4961CA62351C36E005C356E /* Strings.swift in Sources */,
				F4C49AF0239539D300507EA0 /* ProductsTVC.swift in Sources */,
				F408F7CD23841E3600BC8CA7 /* FavoritesTVC.swift in Sources */,
			);
			runOnlyForDeploymentPostprocessing = 0;
		};
/* End PBXSourcesBuildPhase section */

/* Begin PBXVariantGroup section */
		2F413155233DD8E900DA0C11 /* Main.storyboard */ = {
			isa = PBXVariantGroup;
			children = (
				2F413156233DD8E900DA0C11 /* Base */,
			);
			name = Main.storyboard;
			sourceTree = "<group>";
		};
		2F41315A233DD8EB00DA0C11 /* LaunchScreen.storyboard */ = {
			isa = PBXVariantGroup;
			children = (
				2F41315B233DD8EB00DA0C11 /* Base */,
			);
			name = LaunchScreen.storyboard;
			sourceTree = "<group>";
		};
/* End PBXVariantGroup section */

/* Begin XCBuildConfiguration section */
		2F41315E233DD8EB00DA0C11 /* Debug */ = {
			isa = XCBuildConfiguration;
			buildSettings = {
				ALWAYS_SEARCH_USER_PATHS = NO;
				CLANG_ANALYZER_NONNULL = YES;
				CLANG_ANALYZER_NUMBER_OBJECT_CONVERSION = YES_AGGRESSIVE;
				CLANG_CXX_LANGUAGE_STANDARD = "gnu++14";
				CLANG_CXX_LIBRARY = "libc++";
				CLANG_ENABLE_MODULES = YES;
				CLANG_ENABLE_OBJC_ARC = YES;
				CLANG_ENABLE_OBJC_WEAK = YES;
				CLANG_WARN_BLOCK_CAPTURE_AUTORELEASING = YES;
				CLANG_WARN_BOOL_CONVERSION = YES;
				CLANG_WARN_COMMA = YES;
				CLANG_WARN_CONSTANT_CONVERSION = YES;
				CLANG_WARN_DEPRECATED_OBJC_IMPLEMENTATIONS = YES;
				CLANG_WARN_DIRECT_OBJC_ISA_USAGE = YES_ERROR;
				CLANG_WARN_DOCUMENTATION_COMMENTS = YES;
				CLANG_WARN_EMPTY_BODY = YES;
				CLANG_WARN_ENUM_CONVERSION = YES;
				CLANG_WARN_INFINITE_RECURSION = YES;
				CLANG_WARN_INT_CONVERSION = YES;
				CLANG_WARN_NON_LITERAL_NULL_CONVERSION = YES;
				CLANG_WARN_OBJC_IMPLICIT_RETAIN_SELF = YES;
				CLANG_WARN_OBJC_LITERAL_CONVERSION = YES;
				CLANG_WARN_OBJC_ROOT_CLASS = YES_ERROR;
				CLANG_WARN_RANGE_LOOP_ANALYSIS = YES;
				CLANG_WARN_STRICT_PROTOTYPES = YES;
				CLANG_WARN_SUSPICIOUS_MOVE = YES;
				CLANG_WARN_UNGUARDED_AVAILABILITY = YES_AGGRESSIVE;
				CLANG_WARN_UNREACHABLE_CODE = YES;
				CLANG_WARN__DUPLICATE_METHOD_MATCH = YES;
				CODE_SIGN_IDENTITY = "iPhone Developer";
				COPY_PHASE_STRIP = NO;
				DEBUG_INFORMATION_FORMAT = dwarf;
				ENABLE_STRICT_OBJC_MSGSEND = YES;
				ENABLE_TESTABILITY = YES;
				GCC_C_LANGUAGE_STANDARD = gnu11;
				GCC_DYNAMIC_NO_PIC = NO;
				GCC_NO_COMMON_BLOCKS = YES;
				GCC_OPTIMIZATION_LEVEL = 0;
				GCC_PREPROCESSOR_DEFINITIONS = (
					"DEBUG=1",
					"$(inherited)",
				);
				GCC_WARN_64_TO_32_BIT_CONVERSION = YES;
				GCC_WARN_ABOUT_RETURN_TYPE = YES_ERROR;
				GCC_WARN_UNDECLARED_SELECTOR = YES;
				GCC_WARN_UNINITIALIZED_AUTOS = YES_AGGRESSIVE;
				GCC_WARN_UNUSED_FUNCTION = YES;
				GCC_WARN_UNUSED_VARIABLE = YES;
				IPHONEOS_DEPLOYMENT_TARGET = 12.1;
				MTL_ENABLE_DEBUG_INFO = INCLUDE_SOURCE;
				MTL_FAST_MATH = YES;
				ONLY_ACTIVE_ARCH = YES;
				SDKROOT = iphoneos;
				SWIFT_ACTIVE_COMPILATION_CONDITIONS = DEBUG;
				SWIFT_OPTIMIZATION_LEVEL = "-Onone";
			};
			name = Debug;
		};
		2F41315F233DD8EB00DA0C11 /* Release */ = {
			isa = XCBuildConfiguration;
			buildSettings = {
				ALWAYS_SEARCH_USER_PATHS = NO;
				CLANG_ANALYZER_NONNULL = YES;
				CLANG_ANALYZER_NUMBER_OBJECT_CONVERSION = YES_AGGRESSIVE;
				CLANG_CXX_LANGUAGE_STANDARD = "gnu++14";
				CLANG_CXX_LIBRARY = "libc++";
				CLANG_ENABLE_MODULES = YES;
				CLANG_ENABLE_OBJC_ARC = YES;
				CLANG_ENABLE_OBJC_WEAK = YES;
				CLANG_WARN_BLOCK_CAPTURE_AUTORELEASING = YES;
				CLANG_WARN_BOOL_CONVERSION = YES;
				CLANG_WARN_COMMA = YES;
				CLANG_WARN_CONSTANT_CONVERSION = YES;
				CLANG_WARN_DEPRECATED_OBJC_IMPLEMENTATIONS = YES;
				CLANG_WARN_DIRECT_OBJC_ISA_USAGE = YES_ERROR;
				CLANG_WARN_DOCUMENTATION_COMMENTS = YES;
				CLANG_WARN_EMPTY_BODY = YES;
				CLANG_WARN_ENUM_CONVERSION = YES;
				CLANG_WARN_INFINITE_RECURSION = YES;
				CLANG_WARN_INT_CONVERSION = YES;
				CLANG_WARN_NON_LITERAL_NULL_CONVERSION = YES;
				CLANG_WARN_OBJC_IMPLICIT_RETAIN_SELF = YES;
				CLANG_WARN_OBJC_LITERAL_CONVERSION = YES;
				CLANG_WARN_OBJC_ROOT_CLASS = YES_ERROR;
				CLANG_WARN_RANGE_LOOP_ANALYSIS = YES;
				CLANG_WARN_STRICT_PROTOTYPES = YES;
				CLANG_WARN_SUSPICIOUS_MOVE = YES;
				CLANG_WARN_UNGUARDED_AVAILABILITY = YES_AGGRESSIVE;
				CLANG_WARN_UNREACHABLE_CODE = YES;
				CLANG_WARN__DUPLICATE_METHOD_MATCH = YES;
				CODE_SIGN_IDENTITY = "iPhone Developer";
				COPY_PHASE_STRIP = NO;
				DEBUG_INFORMATION_FORMAT = "dwarf-with-dsym";
				ENABLE_NS_ASSERTIONS = NO;
				ENABLE_STRICT_OBJC_MSGSEND = YES;
				GCC_C_LANGUAGE_STANDARD = gnu11;
				GCC_NO_COMMON_BLOCKS = YES;
				GCC_WARN_64_TO_32_BIT_CONVERSION = YES;
				GCC_WARN_ABOUT_RETURN_TYPE = YES_ERROR;
				GCC_WARN_UNDECLARED_SELECTOR = YES;
				GCC_WARN_UNINITIALIZED_AUTOS = YES_AGGRESSIVE;
				GCC_WARN_UNUSED_FUNCTION = YES;
				GCC_WARN_UNUSED_VARIABLE = YES;
				IPHONEOS_DEPLOYMENT_TARGET = 12.1;
				MTL_ENABLE_DEBUG_INFO = NO;
				MTL_FAST_MATH = YES;
				SDKROOT = iphoneos;
				SWIFT_COMPILATION_MODE = wholemodule;
				SWIFT_OPTIMIZATION_LEVEL = "-O";
				VALIDATE_PRODUCT = YES;
			};
			name = Release;
		};
		2F413161233DD8EB00DA0C11 /* Debug */ = {
			isa = XCBuildConfiguration;
			baseConfigurationReference = B1B62DF6A8D166487A52FC0C /* Pods-WTFUserInterface.debug.xcconfig */;
			buildSettings = {
				ASSETCATALOG_COMPILER_APPICON_NAME = AppIcon;
				CODE_SIGN_STYLE = Automatic;
				DEVELOPMENT_TEAM = KRGCDU34JU;
				INFOPLIST_FILE = WTFUserInterface/Info.plist;
				LD_RUNPATH_SEARCH_PATHS = (
					"$(inherited)",
					"@executable_path/Frameworks",
				);
				PRODUCT_BUNDLE_IDENTIFIER = "com.shndrs.WTFUserInterface--";
				PRODUCT_NAME = "$(TARGET_NAME)";
				SWIFT_VERSION = 5.0;
				TARGETED_DEVICE_FAMILY = "1,2";
			};
			name = Debug;
		};
		2F413162233DD8EB00DA0C11 /* Release */ = {
			isa = XCBuildConfiguration;
			baseConfigurationReference = 30E413FD19F15B216CF504C7 /* Pods-WTFUserInterface.release.xcconfig */;
			buildSettings = {
				ASSETCATALOG_COMPILER_APPICON_NAME = AppIcon;
				CODE_SIGN_STYLE = Automatic;
				DEVELOPMENT_TEAM = KRGCDU34JU;
				INFOPLIST_FILE = WTFUserInterface/Info.plist;
				LD_RUNPATH_SEARCH_PATHS = (
					"$(inherited)",
					"@executable_path/Frameworks",
				);
				PRODUCT_BUNDLE_IDENTIFIER = "com.shndrs.WTFUserInterface--";
				PRODUCT_NAME = "$(TARGET_NAME)";
				SWIFT_VERSION = 5.0;
				TARGETED_DEVICE_FAMILY = "1,2";
			};
			name = Release;
		};
/* End XCBuildConfiguration section */

/* Begin XCConfigurationList section */
		2F413149233DD8E900DA0C11 /* Build configuration list for PBXProject "WTFUserInterface" */ = {
			isa = XCConfigurationList;
			buildConfigurations = (
				2F41315E233DD8EB00DA0C11 /* Debug */,
				2F41315F233DD8EB00DA0C11 /* Release */,
			);
			defaultConfigurationIsVisible = 0;
			defaultConfigurationName = Release;
		};
		2F413160233DD8EB00DA0C11 /* Build configuration list for PBXNativeTarget "WTFUserInterface" */ = {
			isa = XCConfigurationList;
			buildConfigurations = (
				2F413161233DD8EB00DA0C11 /* Debug */,
				2F413162233DD8EB00DA0C11 /* Release */,
			);
			defaultConfigurationIsVisible = 0;
			defaultConfigurationName = Release;
		};
/* End XCConfigurationList section */
	};
	rootObject = 2F413146233DD8E900DA0C11 /* Project object */;
}
