// !$*UTF8*$!
{
	archiveVersion = 1;
	classes = {
	};
	objectVersion = 50;
	objects = {

/* Begin PBXBuildFile section */
		2F413152233DD8E900DA0C11 /* AppDelegate.swift in Sources */ = {isa = PBXBuildFile; fileRef = 2F413151233DD8E900DA0C11 /* AppDelegate.swift */; };
		2F413154233DD8E900DA0C11 /* ViewController.swift in Sources */ = {isa = PBXBuildFile; fileRef = 2F413153233DD8E900DA0C11 /* ViewController.swift */; };
		2F413157233DD8E900DA0C11 /* Main.storyboard in Resources */ = {isa = PBXBuildFile; fileRef = 2F413155233DD8E900DA0C11 /* Main.storyboard */; };
		2F413159233DD8EB00DA0C11 /* Assets.xcassets in Resources */ = {isa = PBXBuildFile; fileRef = 2F413158233DD8EB00DA0C11 /* Assets.xcassets */; };
		2F41315C233DD8EB00DA0C11 /* LaunchScreen.storyboard in Resources */ = {isa = PBXBuildFile; fileRef = 2F41315A233DD8EB00DA0C11 /* LaunchScreen.storyboard */; };
		F49F3809233F3FC000E1703B /* MenuController.swift in Sources */ = {isa = PBXBuildFile; fileRef = F49F3808233F3FC000E1703B /* MenuController.swift */; };
		F49F380B233F3FCF00E1703B /* ContainerController.swift in Sources */ = {isa = PBXBuildFile; fileRef = F49F380A233F3FCF00E1703B /* ContainerController.swift */; };
		F49F380D233F3FE100E1703B /* HomeController.swift in Sources */ = {isa = PBXBuildFile; fileRef = F49F380C233F3FE100E1703B /* HomeController.swift */; };
/* End PBXBuildFile section */

/* Begin PBXFileReference section */
		2F41314E233DD8E900DA0C11 /* WTFUserInterface.app */ = {isa = PBXFileReference; explicitFileType = wrapper.application; includeInIndex = 0; path = WTFUserInterface.app; sourceTree = BUILT_PRODUCTS_DIR; };
		2F413151233DD8E900DA0C11 /* AppDelegate.swift */ = {isa = PBXFileReference; lastKnownFileType = sourcecode.swift; path = AppDelegate.swift; sourceTree = "<group>"; };
		2F413153233DD8E900DA0C11 /* ViewController.swift */ = {isa = PBXFileReference; lastKnownFileType = sourcecode.swift; path = ViewController.swift; sourceTree = "<group>"; };
		2F413156233DD8E900DA0C11 /* Base */ = {isa = PBXFileReference; lastKnownFileType = file.storyboard; name = Base; path = Base.lproj/Main.storyboard; sourceTree = "<group>"; };
		2F413158233DD8EB00DA0C11 /* Assets.xcassets */ = {isa = PBXFileReference; lastKnownFileType = folder.assetcatalog; path = Assets.xcassets; sourceTree = "<group>"; };
		2F41315B233DD8EB00DA0C11 /* Base */ = {isa = PBXFileReference; lastKnownFileType = file.storyboard; name = Base; path = Base.lproj/LaunchScreen.storyboard; sourceTree = "<group>"; };
		2F41315D233DD8EB00DA0C11 /* Info.plist */ = {isa = PBXFileReference; lastKnownFileType = text.plist.xml; path = Info.plist; sourceTree = "<group>"; };
		F49F3808233F3FC000E1703B /* MenuController.swift */ = {isa = PBXFileReference; lastKnownFileType = sourcecode.swift; path = MenuController.swift; sourceTree = "<group>"; };
		F49F380A233F3FCF00E1703B /* ContainerController.swift */ = {isa = PBXFileReference; lastKnownFileType = sourcecode.swift; path = ContainerController.swift; sourceTree = "<group>"; };
		F49F380C233F3FE100E1703B /* HomeController.swift */ = {isa = PBXFileReference; lastKnownFileType = sourcecode.swift; path = HomeController.swift; sourceTree = "<group>"; };
/* End PBXFileReference section */

/* Begin PBXFrameworksBuildPhase section */
		2F41314B233DD8E900DA0C11 /* Frameworks */ = {
			isa = PBXFrameworksBuildPhase;
			buildActionMask = 2147483647;
			files = (
			);
			runOnlyForDeploymentPostprocessing = 0;
		};
/* End PBXFrameworksBuildPhase section */

/* Begin PBXGroup section */
		2F413145233DD8E900DA0C11 = {
			isa = PBXGroup;
			children = (
				2F413150233DD8E900DA0C11 /* WTFUserInterface */,
				2F41314F233DD8E900DA0C11 /* Products */,
			);
			sourceTree = "<group>";
		};
		2F41314F233DD8E900DA0C11 /* Products */ = {
			isa = PBXGroup;
			children = (
				2F41314E233DD8E900DA0C11 /* WTFUserInterface.app */,
			);
			name = Products;
			sourceTree = "<group>";
		};
		2F413150233DD8E900DA0C11 /* WTFUserInterface */ = {
			isa = PBXGroup;
			children = (
				F49F3807233F3E3B00E1703B /* Utils */,
				F49F3806233F3E3800E1703B /* Models */,
				F49F3805233F3E3600E1703B /* Views */,
				F49F3804233F3E3400E1703B /* Controllers */,
				2F413151233DD8E900DA0C11 /* AppDelegate.swift */,
				2F413153233DD8E900DA0C11 /* ViewController.swift */,
				2F413155233DD8E900DA0C11 /* Main.storyboard */,
				2F413158233DD8EB00DA0C11 /* Assets.xcassets */,
				2F41315A233DD8EB00DA0C11 /* LaunchScreen.storyboard */,
				2F41315D233DD8EB00DA0C11 /* Info.plist */,
			);
			path = WTFUserInterface;
			sourceTree = "<group>";
		};
		F49F3804233F3E3400E1703B /* Controllers */ = {
			isa = PBXGroup;
			children = (
				F49F3808233F3FC000E1703B /* MenuController.swift */,
				F49F380A233F3FCF00E1703B /* ContainerController.swift */,
				F49F380C233F3FE100E1703B /* HomeController.swift */,
			);
			path = Controllers;
			sourceTree = "<group>";
		};
		F49F3805233F3E3600E1703B /* Views */ = {
			isa = PBXGroup;
			children = (
			);
			path = Views;
			sourceTree = "<group>";
		};
		F49F3806233F3E3800E1703B /* Models */ = {
			isa = PBXGroup;
			children = (
			);
			path = Models;
			sourceTree = "<group>";
		};
		F49F3807233F3E3B00E1703B /* Utils */ = {
			isa = PBXGroup;
			children = (
			);
			path = Utils;
			sourceTree = "<group>";
		};
/* End PBXGroup section */

/* Begin PBXNativeTarget section */
		2F41314D233DD8E900DA0C11 /* WTFUserInterface */ = {
			isa = PBXNativeTarget;
			buildConfigurationList = 2F413160233DD8EB00DA0C11 /* Build configuration list for PBXNativeTarget "WTFUserInterface" */;
			buildPhases = (
				2F41314A233DD8E900DA0C11 /* Sources */,
				2F41314B233DD8E900DA0C11 /* Frameworks */,
				2F41314C233DD8E900DA0C11 /* Resources */,
			);
			buildRules = (
			);
			dependencies = (
			);
			name = WTFUserInterface;
			productName = WTFUserInterface;
			productReference = 2F41314E233DD8E900DA0C11 /* WTFUserInterface.app */;
			productType = "com.apple.product-type.application";
		};
/* End PBXNativeTarget section */

/* Begin PBXProject section */
		2F413146233DD8E900DA0C11 /* Project object */ = {
			isa = PBXProject;
			attributes = {
				LastSwiftUpdateCheck = 1010;
				LastUpgradeCheck = 1010;
				ORGANIZATIONNAME = shndrs;
				TargetAttributes = {
					2F41314D233DD8E900DA0C11 = {
						CreatedOnToolsVersion = 10.1;
					};
				};
			};
			buildConfigurationList = 2F413149233DD8E900DA0C11 /* Build configuration list for PBXProject "WTFUserInterface" */;
			compatibilityVersion = "Xcode 9.3";
			developmentRegion = en;
			hasScannedForEncodings = 0;
			knownRegions = (
				en,
				Base,
			);
			mainGroup = 2F413145233DD8E900DA0C11;
			productRefGroup = 2F41314F233DD8E900DA0C11 /* Products */;
			projectDirPath = "";
			projectRoot = "";
			targets = (
				2F41314D233DD8E900DA0C11 /* WTFUserInterface */,
			);
		};
/* End PBXProject section */

/* Begin PBXResourcesBuildPhase section */
		2F41314C233DD8E900DA0C11 /* Resources */ = {
			isa = PBXResourcesBuildPhase;
			buildActionMask = 2147483647;
			files = (
				2F41315C233DD8EB00DA0C11 /* LaunchScreen.storyboard in Resources */,
				2F413159233DD8EB00DA0C11 /* Assets.xcassets in Resources */,
				2F413157233DD8E900DA0C11 /* Main.storyboard in Resources */,
			);
			runOnlyForDeploymentPostprocessing = 0;
		};
/* End PBXResourcesBuildPhase section */

/* Begin PBXSourcesBuildPhase section */
		2F41314A233DD8E900DA0C11 /* Sources */ = {
			isa = PBXSourcesBuildPhase;
			buildActionMask = 2147483647;
			files = (
				2F413154233DD8E900DA0C11 /* ViewController.swift in Sources */,
				F49F3809233F3FC000E1703B /* MenuController.swift in Sources */,
				2F413152233DD8E900DA0C11 /* AppDelegate.swift in Sources */,
				F49F380B233F3FCF00E1703B /* ContainerController.swift in Sources */,
				F49F380D233F3FE100E1703B /* HomeController.swift in Sources */,
			);
			runOnlyForDeploymentPostprocessing = 0;
		};
/* End PBXSourcesBuildPhase section */

/* Begin PBXVariantGroup section */
		2F413155233DD8E900DA0C11 /* Main.storyboard */ = {
			isa = PBXVariantGroup;
			children = (
				2F413156233DD8E900DA0C11 /* Base */,
			);
			name = Main.storyboard;
			sourceTree = "<group>";
		};
		2F41315A233DD8EB00DA0C11 /* LaunchScreen.storyboard */ = {
			isa = PBXVariantGroup;
			children = (
				2F41315B233DD8EB00DA0C11 /* Base */,
			);
			name = LaunchScreen.storyboard;
			sourceTree = "<group>";
		};
/* End PBXVariantGroup section */

/* Begin XCBuildConfiguration section */
		2F41315E233DD8EB00DA0C11 /* Debug */ = {
			isa = XCBuildConfiguration;
			buildSettings = {
				ALWAYS_SEARCH_USER_PATHS = NO;
				CLANG_ANALYZER_NONNULL = YES;
				CLANG_ANALYZER_NUMBER_OBJECT_CONVERSION = YES_AGGRESSIVE;
				CLANG_CXX_LANGUAGE_STANDARD = "gnu++14";
				CLANG_CXX_LIBRARY = "libc++";
				CLANG_ENABLE_MODULES = YES;
				CLANG_ENABLE_OBJC_ARC = YES;
				CLANG_ENABLE_OBJC_WEAK = YES;
				CLANG_WARN_BLOCK_CAPTURE_AUTORELEASING = YES;
				CLANG_WARN_BOOL_CONVERSION = YES;
				CLANG_WARN_COMMA = YES;
				CLANG_WARN_CONSTANT_CONVERSION = YES;
				CLANG_WARN_DEPRECATED_OBJC_IMPLEMENTATIONS = YES;
				CLANG_WARN_DIRECT_OBJC_ISA_USAGE = YES_ERROR;
				CLANG_WARN_DOCUMENTATION_COMMENTS = YES;
				CLANG_WARN_EMPTY_BODY = YES;
				CLANG_WARN_ENUM_CONVERSION = YES;
				CLANG_WARN_INFINITE_RECURSION = YES;
				CLANG_WARN_INT_CONVERSION = YES;
				CLANG_WARN_NON_LITERAL_NULL_CONVERSION = YES;
				CLANG_WARN_OBJC_IMPLICIT_RETAIN_SELF = YES;
				CLANG_WARN_OBJC_LITERAL_CONVERSION = YES;
				CLANG_WARN_OBJC_ROOT_CLASS = YES_ERROR;
				CLANG_WARN_RANGE_LOOP_ANALYSIS = YES;
				CLANG_WARN_STRICT_PROTOTYPES = YES;
				CLANG_WARN_SUSPICIOUS_MOVE = YES;
				CLANG_WARN_UNGUARDED_AVAILABILITY = YES_AGGRESSIVE;
				CLANG_WARN_UNREACHABLE_CODE = YES;
				CLANG_WARN__DUPLICATE_METHOD_MATCH = YES;
				CODE_SIGN_IDENTITY = "iPhone Developer";
				COPY_PHASE_STRIP = NO;
				DEBUG_INFORMATION_FORMAT = dwarf;
				ENABLE_STRICT_OBJC_MSGSEND = YES;
				ENABLE_TESTABILITY = YES;
				GCC_C_LANGUAGE_STANDARD = gnu11;
				GCC_DYNAMIC_NO_PIC = NO;
				GCC_NO_COMMON_BLOCKS = YES;
				GCC_OPTIMIZATION_LEVEL = 0;
				GCC_PREPROCESSOR_DEFINITIONS = (
					"DEBUG=1",
					"$(inherited)",
				);
				GCC_WARN_64_TO_32_BIT_CONVERSION = YES;
				GCC_WARN_ABOUT_RETURN_TYPE = YES_ERROR;
				GCC_WARN_UNDECLARED_SELECTOR = YES;
				GCC_WARN_UNINITIALIZED_AUTOS = YES_AGGRESSIVE;
				GCC_WARN_UNUSED_FUNCTION = YES;
				GCC_WARN_UNUSED_VARIABLE = YES;
				IPHONEOS_DEPLOYMENT_TARGET = 12.1;
				MTL_ENABLE_DEBUG_INFO = INCLUDE_SOURCE;
				MTL_FAST_MATH = YES;
				ONLY_ACTIVE_ARCH = YES;
				SDKROOT = iphoneos;
				SWIFT_ACTIVE_COMPILATION_CONDITIONS = DEBUG;
				SWIFT_OPTIMIZATION_LEVEL = "-Onone";
			};
			name = Debug;
		};
		2F41315F233DD8EB00DA0C11 /* Release */ = {
			isa = XCBuildConfiguration;
			buildSettings = {
				ALWAYS_SEARCH_USER_PATHS = NO;
				CLANG_ANALYZER_NONNULL = YES;
				CLANG_ANALYZER_NUMBER_OBJECT_CONVERSION = YES_AGGRESSIVE;
				CLANG_CXX_LANGUAGE_STANDARD = "gnu++14";
				CLANG_CXX_LIBRARY = "libc++";
				CLANG_ENABLE_MODULES = YES;
				CLANG_ENABLE_OBJC_ARC = YES;
				CLANG_ENABLE_OBJC_WEAK = YES;
				CLANG_WARN_BLOCK_CAPTURE_AUTORELEASING = YES;
				CLANG_WARN_BOOL_CONVERSION = YES;
				CLANG_WARN_COMMA = YES;
				CLANG_WARN_CONSTANT_CONVERSION = YES;
				CLANG_WARN_DEPRECATED_OBJC_IMPLEMENTATIONS = YES;
				CLANG_WARN_DIRECT_OBJC_ISA_USAGE = YES_ERROR;
				CLANG_WARN_DOCUMENTATION_COMMENTS = YES;
				CLANG_WARN_EMPTY_BODY = YES;
				CLANG_WARN_ENUM_CONVERSION = YES;
				CLANG_WARN_INFINITE_RECURSION = YES;
				CLANG_WARN_INT_CONVERSION = YES;
				CLANG_WARN_NON_LITERAL_NULL_CONVERSION = YES;
				CLANG_WARN_OBJC_IMPLICIT_RETAIN_SELF = YES;
				CLANG_WARN_OBJC_LITERAL_CONVERSION = YES;
				CLANG_WARN_OBJC_ROOT_CLASS = YES_ERROR;
				CLANG_WARN_RANGE_LOOP_ANALYSIS = YES;
				CLANG_WARN_STRICT_PROTOTYPES = YES;
				CLANG_WARN_SUSPICIOUS_MOVE = YES;
				CLANG_WARN_UNGUARDED_AVAILABILITY = YES_AGGRESSIVE;
				CLANG_WARN_UNREACHABLE_CODE = YES;
				CLANG_WARN__DUPLICATE_METHOD_MATCH = YES;
				CODE_SIGN_IDENTITY = "iPhone Developer";
				COPY_PHASE_STRIP = NO;
				DEBUG_INFORMATION_FORMAT = "dwarf-with-dsym";
				ENABLE_NS_ASSERTIONS = NO;
				ENABLE_STRICT_OBJC_MSGSEND = YES;
				GCC_C_LANGUAGE_STANDARD = gnu11;
				GCC_NO_COMMON_BLOCKS = YES;
				GCC_WARN_64_TO_32_BIT_CONVERSION = YES;
				GCC_WARN_ABOUT_RETURN_TYPE = YES_ERROR;
				GCC_WARN_UNDECLARED_SELECTOR = YES;
				GCC_WARN_UNINITIALIZED_AUTOS = YES_AGGRESSIVE;
				GCC_WARN_UNUSED_FUNCTION = YES;
				GCC_WARN_UNUSED_VARIABLE = YES;
				IPHONEOS_DEPLOYMENT_TARGET = 12.1;
				MTL_ENABLE_DEBUG_INFO = NO;
				MTL_FAST_MATH = YES;
				SDKROOT = iphoneos;
				SWIFT_COMPILATION_MODE = wholemodule;
				SWIFT_OPTIMIZATION_LEVEL = "-O";
				VALIDATE_PRODUCT = YES;
			};
			name = Release;
		};
		2F413161233DD8EB00DA0C11 /* Debug */ = {
			isa = XCBuildConfiguration;
			buildSettings = {
				ASSETCATALOG_COMPILER_APPICON_NAME = AppIcon;
				CODE_SIGN_STYLE = Automatic;
				INFOPLIST_FILE = WTFUserInterface/Info.plist;
				LD_RUNPATH_SEARCH_PATHS = (
					"$(inherited)",
					"@executable_path/Frameworks",
				);
				PRODUCT_BUNDLE_IDENTIFIER = com.shndrs.WTFUserInterface;
				PRODUCT_NAME = "$(TARGET_NAME)";
				SWIFT_VERSION = 4.2;
				TARGETED_DEVICE_FAMILY = "1,2";
			};
			name = Debug;
		};
		2F413162233DD8EB00DA0C11 /* Release */ = {
			isa = XCBuildConfiguration;
			buildSettings = {
				ASSETCATALOG_COMPILER_APPICON_NAME = AppIcon;
				CODE_SIGN_STYLE = Automatic;
				INFOPLIST_FILE = WTFUserInterface/Info.plist;
				LD_RUNPATH_SEARCH_PATHS = (
					"$(inherited)",
					"@executable_path/Frameworks",
				);
				PRODUCT_BUNDLE_IDENTIFIER = com.shndrs.WTFUserInterface;
				PRODUCT_NAME = "$(TARGET_NAME)";
				SWIFT_VERSION = 4.2;
				TARGETED_DEVICE_FAMILY = "1,2";
			};
			name = Release;
		};
/* End XCBuildConfiguration section */

/* Begin XCConfigurationList section */
		2F413149233DD8E900DA0C11 /* Build configuration list for PBXProject "WTFUserInterface" */ = {
			isa = XCConfigurationList;
			buildConfigurations = (
				2F41315E233DD8EB00DA0C11 /* Debug */,
				2F41315F233DD8EB00DA0C11 /* Release */,
			);
			defaultConfigurationIsVisible = 0;
			defaultConfigurationName = Release;
		};
		2F413160233DD8EB00DA0C11 /* Build configuration list for PBXNativeTarget "WTFUserInterface" */ = {
			isa = XCConfigurationList;
			buildConfigurations = (
				2F413161233DD8EB00DA0C11 /* Debug */,
				2F413162233DD8EB00DA0C11 /* Release */,
			);
			defaultConfigurationIsVisible = 0;
			defaultConfigurationName = Release;
		};
/* End XCConfigurationList section */
	};
	rootObject = 2F413146233DD8E900DA0C11 /* Project object */;
}
